
Microsoft Visual Studio Solution File, Format Version 12.00
# Visual Studio Version 16
VisualStudioVersion = 16.0.30413.136
MinimumVisualStudioVersion = 10.0.40219.1
Project("{9A19103F-16F7-4668-BE54-9A1E7A4F7556}") = "BLOG.Yeni", "BLOG.Yeni\BLOG.Yeni.csproj", "{CED670B4-C105-4270-876B-06C9E3EAEA5D}"
EndProject
Global
	GlobalSection(SolutionConfigurationPlatforms) = preSolution
		Debug|Any CPU = Debug|Any CPU
		Release|Any CPU = Release|Any CPU
	EndGlobalSection
	GlobalSection(ProjectConfigurationPlatforms) = postSolution
		{CED670B4-C105-4270-876B-06C9E3EAEA5D}.Debug|Any CPU.ActiveCfg = Debug|Any CPU
		{CED670B4-C105-4270-876B-06C9E3EAEA5D}.Debug|Any CPU.Build.0 = Debug|Any CPU
		{CED670B4-C105-4270-876B-06C9E3EAEA5D}.Release|Any CPU.ActiveCfg = Release|Any CPU
		{CED670B4-C105-4270-876B-06C9E3EAEA5D}.Release|Any CPU.Build.0 = Release|Any CPU
	EndGlobalSection
	GlobalSection(SolutionProperties) = preSolution
		HideSolutionNode = FALSE
	EndGlobalSection
	GlobalSection(ExtensibilityGlobals) = postSolution
		SolutionGuid = {C00C0C98-C7E8-400B-BEA0-9F9A95AB09C4}
	EndGlobalSection
EndGlobal
